
Microsoft Visual Studio Solution File, Format Version 12.00
# Visual Studio Version 17
VisualStudioVersion = 17.13.35919.96 d17.13
MinimumVisualStudioVersion = 10.0.40219.1
Project("{FAE04EC0-301F-11D3-BF4B-00C04F79EFBC}") = "Variaveis", "Variaveis\Variaveis.csproj", "{F59D00E1-E59F-45A2-B328-D7E8D5048C7B}"
EndProject
Global
	GlobalSection(SolutionConfigurationPlatforms) = preSolution
		Debug|Any CPU = Debug|Any CPU
		Release|Any CPU = Release|Any CPU
	EndGlobalSection
	GlobalSection(ProjectConfigurationPlatforms) = postSolution
		{F59D00E1-E59F-45A2-B328-D7E8D5048C7B}.Debug|Any CPU.ActiveCfg = Debug|Any CPU
		{F59D00E1-E59F-45A2-B328-D7E8D5048C7B}.Debug|Any CPU.Build.0 = Debug|Any CPU
		{F59D00E1-E59F-45A2-B328-D7E8D5048C7B}.Release|Any CPU.ActiveCfg = Release|Any CPU
		{F59D00E1-E59F-45A2-B328-D7E8D5048C7B}.Release|Any CPU.Build.0 = Release|Any CPU
	EndGlobalSection
	GlobalSection(SolutionProperties) = preSolution
		HideSolutionNode = FALSE
	EndGlobalSection
	GlobalSection(ExtensibilityGlobals) = postSolution
		SolutionGuid = {5F761B71-E822-49D8-B7BE-321C132D7E77}
	EndGlobalSection
EndGlobal
